
Microsoft Visual Studio Solution File, Format Version 12.00
# Visual Studio Version 16
VisualStudioVersion = 16.0.31702.278
MinimumVisualStudioVersion = 10.0.40219.1
Project("{9A19103F-16F7-4668-BE54-9A1E7A4F7556}") = "UniHackStart", "UniHackStart\UniHackStart.csproj", "{226A750B-FE23-4B45-9BDC-07FADCC878E6}"
EndProject
Project("{FAE04EC0-301F-11D3-BF4B-00C04F79EFBC}") = "UniHackStart.Util", "ExcelParser\UniHackStart.Util.csproj", "{CE339E60-8240-416E-9977-1DBBB768DAF4}"
EndProject
Project("{FAE04EC0-301F-11D3-BF4B-00C04F79EFBC}") = "UniHackStart.Model", "UniHackStart.Model\UniHackStart.Model.csproj", "{9D492752-5ED7-4451-A612-18C8E3674BE5}"
EndProject
Global
	GlobalSection(SolutionConfigurationPlatforms) = preSolution
		Debug|Any CPU = Debug|Any CPU
		Release|Any CPU = Release|Any CPU
	EndGlobalSection
	GlobalSection(ProjectConfigurationPlatforms) = postSolution
		{226A750B-FE23-4B45-9BDC-07FADCC878E6}.Debug|Any CPU.ActiveCfg = Debug|Any CPU
		{226A750B-FE23-4B45-9BDC-07FADCC878E6}.Debug|Any CPU.Build.0 = Debug|Any CPU
		{226A750B-FE23-4B45-9BDC-07FADCC878E6}.Release|Any CPU.ActiveCfg = Release|Any CPU
		{226A750B-FE23-4B45-9BDC-07FADCC878E6}.Release|Any CPU.Build.0 = Release|Any CPU
		{CE339E60-8240-416E-9977-1DBBB768DAF4}.Debug|Any CPU.ActiveCfg = Debug|Any CPU
		{CE339E60-8240-416E-9977-1DBBB768DAF4}.Debug|Any CPU.Build.0 = Debug|Any CPU
		{CE339E60-8240-416E-9977-1DBBB768DAF4}.Release|Any CPU.ActiveCfg = Release|Any CPU
		{CE339E60-8240-416E-9977-1DBBB768DAF4}.Release|Any CPU.Build.0 = Release|Any CPU
		{9D492752-5ED7-4451-A612-18C8E3674BE5}.Debug|Any CPU.ActiveCfg = Debug|Any CPU
		{9D492752-5ED7-4451-A612-18C8E3674BE5}.Debug|Any CPU.Build.0 = Debug|Any CPU
		{9D492752-5ED7-4451-A612-18C8E3674BE5}.Release|Any CPU.ActiveCfg = Release|Any CPU
		{9D492752-5ED7-4451-A612-18C8E3674BE5}.Release|Any CPU.Build.0 = Release|Any CPU
	EndGlobalSection
	GlobalSection(SolutionProperties) = preSolution
		HideSolutionNode = FALSE
	EndGlobalSection
	GlobalSection(ExtensibilityGlobals) = postSolution
		SolutionGuid = {86F6112A-7A74-4BB6-A0CB-0E785486E4F2}
	EndGlobalSection
EndGlobal
